
Microsoft Visual Studio Solution File, Format Version 12.00
# Visual Studio Version 17
VisualStudioVersion = 17.0.32014.148
MinimumVisualStudioVersion = 10.0.40219.1
Project("{FAE04EC0-301F-11D3-BF4B-00C04F79EFBC}") = "ConsoleAppView", "ConsoleAppView\ConsoleAppView.csproj", "{2AC2C88E-14D1-4033-9FD2-2DDBCF833ACE}"
EndProject
Project("{FAE04EC0-301F-11D3-BF4B-00C04F79EFBC}") = "LibrarySelenium", "LibrarySelenium\LibrarySelenium.csproj", "{449D420D-036C-414B-8AE8-CB87F3BEFCE6}"
EndProject
Global
	GlobalSection(SolutionConfigurationPlatforms) = preSolution
		Debug|Any CPU = Debug|Any CPU
		Release|Any CPU = Release|Any CPU
	EndGlobalSection
	GlobalSection(ProjectConfigurationPlatforms) = postSolution
		{2AC2C88E-14D1-4033-9FD2-2DDBCF833ACE}.Debug|Any CPU.ActiveCfg = Debug|Any CPU
		{2AC2C88E-14D1-4033-9FD2-2DDBCF833ACE}.Debug|Any CPU.Build.0 = Debug|Any CPU
		{2AC2C88E-14D1-4033-9FD2-2DDBCF833ACE}.Release|Any CPU.ActiveCfg = Release|Any CPU
		{2AC2C88E-14D1-4033-9FD2-2DDBCF833ACE}.Release|Any CPU.Build.0 = Release|Any CPU
		{449D420D-036C-414B-8AE8-CB87F3BEFCE6}.Debug|Any CPU.ActiveCfg = Debug|Any CPU
		{449D420D-036C-414B-8AE8-CB87F3BEFCE6}.Debug|Any CPU.Build.0 = Debug|Any CPU
		{449D420D-036C-414B-8AE8-CB87F3BEFCE6}.Release|Any CPU.ActiveCfg = Release|Any CPU
		{449D420D-036C-414B-8AE8-CB87F3BEFCE6}.Release|Any CPU.Build.0 = Release|Any CPU
	EndGlobalSection
	GlobalSection(SolutionProperties) = preSolution
		HideSolutionNode = FALSE
	EndGlobalSection
	GlobalSection(ExtensibilityGlobals) = postSolution
		SolutionGuid = {A1979B0A-4EAB-485A-A473-1346135950B1}
	EndGlobalSection
EndGlobal
